
Microsoft Visual Studio Solution File, Format Version 12.00
Project("{FAE04EC0-301F-11D3-BF4B-00C04F79EFBC}") = "CodeLab.Domain", "CodeLab.Domain\CodeLab.Domain.csproj", "{08BA00B9-5C38-407A-A987-C04EDE7020DD}"
EndProject
Project("{FAE04EC0-301F-11D3-BF4B-00C04F79EFBC}") = "CodeLab.Web", "CodeLab.Web\CodeLab.Web.csproj", "{2261271E-ED17-4ED6-9145-4BF56254E53D}"
EndProject
Project("{2150E333-8FDC-42A3-9474-1A3956D46DE8}") = "src", "src", "{D12574DC-CD6A-4603-87DE-49AAEB96E55D}"
EndProject
Project("{FAE04EC0-301F-11D3-BF4B-00C04F79EFBC}") = "CodeLab.Infrastructure.Postgres", "CodeLab.Infrastructure.Postgres\CodeLab.Infrastructure.Postgres.csproj", "{BFA84C95-6BED-4CE1-98AE-260C902DA504}"
EndProject
Project("{FAE04EC0-301F-11D3-BF4B-00C04F79EFBC}") = "CodeLab.Core", "CodeLab.Core\CodeLab.Core.csproj", "{3AC17E29-3F19-4F7C-824B-F87E955748F9}"
EndProject
Project("{2150E333-8FDC-42A3-9474-1A3956D46DE8}") = "SolutionItems", "SolutionItems", "{FF718741-27A9-497F-ABD1-B5AAB67C6A81}"
	ProjectSection(SolutionItems) = preProject
		..\.editorconfig = ..\.editorconfig
		..\Directory.Build.props = ..\Directory.Build.props
		..\Directory.Packages.props = ..\Directory.Packages.props
	EndProjectSection
EndProject
Project("{FAE04EC0-301F-11D3-BF4B-00C04F79EFBC}") = "CodeLab.Contracts", "CodeLab.Contracts\CodeLab.Contracts.csproj", "{DAA95531-2EE6-4A62-AB98-F86F1F04F80C}"
EndProject
Project("{FAE04EC0-301F-11D3-BF4B-00C04F79EFBC}") = "CodeLab.SubmissionProcessing", "CodeLab.SubmissionProcessing\CodeLab.SubmissionProcessing.csproj", "{6AB86664-BAFC-4D23-B55E-F2EFB54E3771}"
EndProject
Global
	GlobalSection(SolutionConfigurationPlatforms) = preSolution
		Debug|Any CPU = Debug|Any CPU
		Release|Any CPU = Release|Any CPU
	EndGlobalSection
	GlobalSection(ProjectConfigurationPlatforms) = postSolution
		{08BA00B9-5C38-407A-A987-C04EDE7020DD}.Debug|Any CPU.ActiveCfg = Debug|Any CPU
		{08BA00B9-5C38-407A-A987-C04EDE7020DD}.Debug|Any CPU.Build.0 = Debug|Any CPU
		{08BA00B9-5C38-407A-A987-C04EDE7020DD}.Release|Any CPU.ActiveCfg = Release|Any CPU
		{08BA00B9-5C38-407A-A987-C04EDE7020DD}.Release|Any CPU.Build.0 = Release|Any CPU
		{2261271E-ED17-4ED6-9145-4BF56254E53D}.Debug|Any CPU.ActiveCfg = Debug|Any CPU
		{2261271E-ED17-4ED6-9145-4BF56254E53D}.Debug|Any CPU.Build.0 = Debug|Any CPU
		{2261271E-ED17-4ED6-9145-4BF56254E53D}.Release|Any CPU.ActiveCfg = Release|Any CPU
		{2261271E-ED17-4ED6-9145-4BF56254E53D}.Release|Any CPU.Build.0 = Release|Any CPU
		{BFA84C95-6BED-4CE1-98AE-260C902DA504}.Debug|Any CPU.ActiveCfg = Debug|Any CPU
		{BFA84C95-6BED-4CE1-98AE-260C902DA504}.Debug|Any CPU.Build.0 = Debug|Any CPU
		{BFA84C95-6BED-4CE1-98AE-260C902DA504}.Release|Any CPU.ActiveCfg = Release|Any CPU
		{BFA84C95-6BED-4CE1-98AE-260C902DA504}.Release|Any CPU.Build.0 = Release|Any CPU
		{3AC17E29-3F19-4F7C-824B-F87E955748F9}.Debug|Any CPU.ActiveCfg = Debug|Any CPU
		{3AC17E29-3F19-4F7C-824B-F87E955748F9}.Debug|Any CPU.Build.0 = Debug|Any CPU
		{3AC17E29-3F19-4F7C-824B-F87E955748F9}.Release|Any CPU.ActiveCfg = Release|Any CPU
		{3AC17E29-3F19-4F7C-824B-F87E955748F9}.Release|Any CPU.Build.0 = Release|Any CPU
		{DAA95531-2EE6-4A62-AB98-F86F1F04F80C}.Debug|Any CPU.ActiveCfg = Debug|Any CPU
		{DAA95531-2EE6-4A62-AB98-F86F1F04F80C}.Debug|Any CPU.Build.0 = Debug|Any CPU
		{DAA95531-2EE6-4A62-AB98-F86F1F04F80C}.Release|Any CPU.ActiveCfg = Release|Any CPU
		{DAA95531-2EE6-4A62-AB98-F86F1F04F80C}.Release|Any CPU.Build.0 = Release|Any CPU
		{6AB86664-BAFC-4D23-B55E-F2EFB54E3771}.Debug|Any CPU.ActiveCfg = Debug|Any CPU
		{6AB86664-BAFC-4D23-B55E-F2EFB54E3771}.Debug|Any CPU.Build.0 = Debug|Any CPU
		{6AB86664-BAFC-4D23-B55E-F2EFB54E3771}.Release|Any CPU.ActiveCfg = Release|Any CPU
		{6AB86664-BAFC-4D23-B55E-F2EFB54E3771}.Release|Any CPU.Build.0 = Release|Any CPU
	EndGlobalSection
	GlobalSection(NestedProjects) = preSolution
		{08BA00B9-5C38-407A-A987-C04EDE7020DD} = {D12574DC-CD6A-4603-87DE-49AAEB96E55D}
		{BFA84C95-6BED-4CE1-98AE-260C902DA504} = {D12574DC-CD6A-4603-87DE-49AAEB96E55D}
		{2261271E-ED17-4ED6-9145-4BF56254E53D} = {D12574DC-CD6A-4603-87DE-49AAEB96E55D}
		{3AC17E29-3F19-4F7C-824B-F87E955748F9} = {D12574DC-CD6A-4603-87DE-49AAEB96E55D}
		{DAA95531-2EE6-4A62-AB98-F86F1F04F80C} = {D12574DC-CD6A-4603-87DE-49AAEB96E55D}
		{6AB86664-BAFC-4D23-B55E-F2EFB54E3771} = {D12574DC-CD6A-4603-87DE-49AAEB96E55D}
	EndGlobalSection
EndGlobal
